
Microsoft Visual Studio Solution File, Format Version 12.00
# Visual Studio Version 17
VisualStudioVersion = 17.5.33530.505
MinimumVisualStudioVersion = 10.0.40219.1
Project("{FAE04EC0-301F-11D3-BF4B-00C04F79EFBC}") = "Messenger", "Messenger.csproj", "{8C751371-8D40-4D0F-B51E-622F7606FAF8}"
EndProject
Global
	GlobalSection(SolutionConfigurationPlatforms) = preSolution
		Debug|Any CPU = Debug|Any CPU
		Release|Any CPU = Release|Any CPU
	EndGlobalSection
	GlobalSection(ProjectConfigurationPlatforms) = postSolution
		{8C751371-8D40-4D0F-B51E-622F7606FAF8}.Debug|Any CPU.ActiveCfg = Debug|Any CPU
		{8C751371-8D40-4D0F-B51E-622F7606FAF8}.Debug|Any CPU.Build.0 = Debug|Any CPU
		{8C751371-8D40-4D0F-B51E-622F7606FAF8}.Release|Any CPU.ActiveCfg = Release|Any CPU
		{8C751371-8D40-4D0F-B51E-622F7606FAF8}.Release|Any CPU.Build.0 = Release|Any CPU
	EndGlobalSection
	GlobalSection(SolutionProperties) = preSolution
		HideSolutionNode = FALSE
	EndGlobalSection
	GlobalSection(ExtensibilityGlobals) = postSolution
		SolutionGuid = {D692578B-0B01-4B97-9FBE-761CCBA95819}
	EndGlobalSection
EndGlobal
